
Microsoft Visual Studio Solution File, Format Version 12.00
# Visual Studio Version 17
VisualStudioVersion = 17.3.32811.315
MinimumVisualStudioVersion = 10.0.40219.1
Project("{FAE04EC0-301F-11D3-BF4B-00C04F79EFBC}") = "Lista2PR2", "Lista2PR2\Lista2PR2.csproj", "{A2B4A6AF-BB1B-4B7C-AD08-91781273058F}"
EndProject
Global
	GlobalSection(SolutionConfigurationPlatforms) = preSolution
		Debug|Any CPU = Debug|Any CPU
		Release|Any CPU = Release|Any CPU
	EndGlobalSection
	GlobalSection(ProjectConfigurationPlatforms) = postSolution
		{A2B4A6AF-BB1B-4B7C-AD08-91781273058F}.Debug|Any CPU.ActiveCfg = Debug|Any CPU
		{A2B4A6AF-BB1B-4B7C-AD08-91781273058F}.Debug|Any CPU.Build.0 = Debug|Any CPU
		{A2B4A6AF-BB1B-4B7C-AD08-91781273058F}.Release|Any CPU.ActiveCfg = Release|Any CPU
		{A2B4A6AF-BB1B-4B7C-AD08-91781273058F}.Release|Any CPU.Build.0 = Release|Any CPU
	EndGlobalSection
	GlobalSection(SolutionProperties) = preSolution
		HideSolutionNode = FALSE
	EndGlobalSection
	GlobalSection(ExtensibilityGlobals) = postSolution
		SolutionGuid = {4F82ADCA-E879-4376-8BAC-5B35A42567D8}
	EndGlobalSection
EndGlobal
